
Microsoft Visual Studio Solution File, Format Version 12.00
# Visual Studio Version 17
VisualStudioVersion = 17.6.33829.357
MinimumVisualStudioVersion = 10.0.40219.1
Project("{2150E333-8FDC-42A3-9474-1A3956D46DE8}") = "samples", "samples", "{C6A1FF7E-D061-4729-AB27-164452250290}"
EndProject
Project("{2150E333-8FDC-42A3-9474-1A3956D46DE8}") = "src", "src", "{BEE3F78A-8451-4F29-85C7-451EECB4A2FD}"
EndProject
Project("{9A19103F-16F7-4668-BE54-9A1E7A4F7556}") = "GroupDocs.Editor.UI.Api", "src\GroupDocs.Editor.UI.Api\GroupDocs.Editor.UI.Api.csproj", "{878975F4-C0EE-4D75-87A8-70D399D099F0}"
EndProject
Project("{2150E333-8FDC-42A3-9474-1A3956D46DE8}") = "tests", "tests", "{EA9A09D9-0D97-486E-841C-27A693B0106F}"
EndProject
Project("{9A19103F-16F7-4668-BE54-9A1E7A4F7556}") = "GroupDocs.Editor.UI.Api.Test", "tests\GroupDocs.Editor.UI.Api.Test\GroupDocs.Editor.UI.Api.Test.csproj", "{FB1E030F-3F38-47B9-B7B1-8D4276D1723A}"
EndProject
Project("{9A19103F-16F7-4668-BE54-9A1E7A4F7556}") = "GroupDocs.Editor.UI.ApiSample", "samples\GroupDocs.Editor.UI.ApiSample\GroupDocs.Editor.UI.ApiSample.csproj", "{DCC5DA8B-25AC-489E-870C-4393DBE2CDA0}"
EndProject
Project("{2150E333-8FDC-42A3-9474-1A3956D46DE8}") = "_workflow", "_workflow", "{69866766-23A3-44BE-BAD5-DFFEDBA143C8}"
	ProjectSection(SolutionItems) = preProject
		.github\workflows\build_packages.yml = .github\workflows\build_packages.yml
		.github\workflows\publish_prod.yml = .github\workflows\publish_prod.yml
		.github\workflows\publish_stg.yml = .github\workflows\publish_stg.yml
		.github\workflows\Test_linux.yml = .github\workflows\Test_linux.yml
		.github\workflows\Test_windows-latest.yml = .github\workflows\Test_windows-latest.yml
	EndProjectSection
EndProject
Project("{9A19103F-16F7-4668-BE54-9A1E7A4F7556}") = "GroupDocs.Editor.UI.WordProcessing.SpaSample", "samples\GroupDocs.Editor.UI.SpaSample\GroupDocs.Editor.UI.WordProcessing.SpaSample.csproj", "{A51986A0-4FDB-4D98-93AB-31047E4A637C}"
EndProject
Project("{9A19103F-16F7-4668-BE54-9A1E7A4F7556}") = "GroupDocs.Editor.UI.ReactSpaSample", "samples\GroupDocs.Editor.UI.ReactSpaSample\GroupDocs.Editor.UI.ReactSpaSample.csproj", "{9EE20A59-1E00-4928-BF47-EEDE61BE7D0F}"
EndProject
Project("{9A19103F-16F7-4668-BE54-9A1E7A4F7556}") = "GroupDocs.Editor.UI.Presentation.SpaSample", "samples\GroupDocs.Editor.UI.Presentation.SpaSample\GroupDocs.Editor.UI.Presentation.SpaSample.csproj", "{33348B6B-8AA6-4018-BD81-42C423D5500E}"
EndProject
Project("{9A19103F-16F7-4668-BE54-9A1E7A4F7556}") = "GroupDocs.Editor.UI.Spreasdsheet.SpaSample", "samples\GroupDocs.Editor.UI.Spreasdsheet.SpaSample\GroupDocs.Editor.UI.Spreasdsheet.SpaSample.csproj", "{1B9F4715-F89B-4176-B7ED-01C138DFDC4D}"
EndProject
Project("{2150E333-8FDC-42A3-9474-1A3956D46DE8}") = "Solution Items", "Solution Items", "{4E9B7C39-F88C-4CDF-908A-BA1E62E7C25F}"
	ProjectSection(SolutionItems) = preProject
		.editorconfig = .editorconfig
	EndProjectSection
EndProject
Project("{9A19103F-16F7-4668-BE54-9A1E7A4F7556}") = "GroupDocs.Editor.UI.Email.SpaSample", "samples\GroupDocs.Editor.UI.Email.SpaSample\GroupDocs.Editor.UI.Email.SpaSample.csproj", "{8F6D9740-0A74-4139-8B65-E4E52318D400}"
EndProject
Project("{9A19103F-16F7-4668-BE54-9A1E7A4F7556}") = "GroupDocs.Editor.UI.RestFulApi", "samples\GroupDocs.Editor.UI.RestFulApi\GroupDocs.Editor.UI.RestFulApi.csproj", "{426A5262-76DC-47F7-9DA4-BAF3A42ACC59}"
EndProject
Project("{FAE04EC0-301F-11D3-BF4B-00C04F79EFBC}") = "GroupDocs.Editor.UI.JQueryMVCSample", "samples\GroupDocs.Editor.UI.JQueryMVCSample\GroupDocs.Editor.UI.JQueryMVCSample.csproj", "{5FB6AB07-0AE1-400B-9D0B-4262962F2DBC}"
EndProject
Global
	GlobalSection(SolutionConfigurationPlatforms) = preSolution
		Debug|Any CPU = Debug|Any CPU
		Release|Any CPU = Release|Any CPU
	EndGlobalSection
	GlobalSection(ProjectConfigurationPlatforms) = postSolution
		{878975F4-C0EE-4D75-87A8-70D399D099F0}.Debug|Any CPU.ActiveCfg = Debug|Any CPU
		{878975F4-C0EE-4D75-87A8-70D399D099F0}.Debug|Any CPU.Build.0 = Debug|Any CPU
		{878975F4-C0EE-4D75-87A8-70D399D099F0}.Release|Any CPU.ActiveCfg = Release|Any CPU
		{878975F4-C0EE-4D75-87A8-70D399D099F0}.Release|Any CPU.Build.0 = Release|Any CPU
		{FB1E030F-3F38-47B9-B7B1-8D4276D1723A}.Debug|Any CPU.ActiveCfg = Debug|Any CPU
		{FB1E030F-3F38-47B9-B7B1-8D4276D1723A}.Debug|Any CPU.Build.0 = Debug|Any CPU
		{FB1E030F-3F38-47B9-B7B1-8D4276D1723A}.Release|Any CPU.ActiveCfg = Release|Any CPU
		{FB1E030F-3F38-47B9-B7B1-8D4276D1723A}.Release|Any CPU.Build.0 = Release|Any CPU
		{DCC5DA8B-25AC-489E-870C-4393DBE2CDA0}.Debug|Any CPU.ActiveCfg = Debug|Any CPU
		{DCC5DA8B-25AC-489E-870C-4393DBE2CDA0}.Debug|Any CPU.Build.0 = Debug|Any CPU
		{DCC5DA8B-25AC-489E-870C-4393DBE2CDA0}.Release|Any CPU.ActiveCfg = Release|Any CPU
		{DCC5DA8B-25AC-489E-870C-4393DBE2CDA0}.Release|Any CPU.Build.0 = Release|Any CPU
		{A51986A0-4FDB-4D98-93AB-31047E4A637C}.Debug|Any CPU.ActiveCfg = Debug|Any CPU
		{A51986A0-4FDB-4D98-93AB-31047E4A637C}.Debug|Any CPU.Build.0 = Debug|Any CPU
		{A51986A0-4FDB-4D98-93AB-31047E4A637C}.Release|Any CPU.ActiveCfg = Release|Any CPU
		{A51986A0-4FDB-4D98-93AB-31047E4A637C}.Release|Any CPU.Build.0 = Release|Any CPU
		{9EE20A59-1E00-4928-BF47-EEDE61BE7D0F}.Debug|Any CPU.ActiveCfg = Debug|Any CPU
		{9EE20A59-1E00-4928-BF47-EEDE61BE7D0F}.Debug|Any CPU.Build.0 = Debug|Any CPU
		{9EE20A59-1E00-4928-BF47-EEDE61BE7D0F}.Release|Any CPU.ActiveCfg = Release|Any CPU
		{9EE20A59-1E00-4928-BF47-EEDE61BE7D0F}.Release|Any CPU.Build.0 = Release|Any CPU
		{33348B6B-8AA6-4018-BD81-42C423D5500E}.Debug|Any CPU.ActiveCfg = Debug|Any CPU
		{33348B6B-8AA6-4018-BD81-42C423D5500E}.Debug|Any CPU.Build.0 = Debug|Any CPU
		{33348B6B-8AA6-4018-BD81-42C423D5500E}.Release|Any CPU.ActiveCfg = Release|Any CPU
		{33348B6B-8AA6-4018-BD81-42C423D5500E}.Release|Any CPU.Build.0 = Release|Any CPU
		{1B9F4715-F89B-4176-B7ED-01C138DFDC4D}.Debug|Any CPU.ActiveCfg = Debug|Any CPU
		{1B9F4715-F89B-4176-B7ED-01C138DFDC4D}.Debug|Any CPU.Build.0 = Debug|Any CPU
		{1B9F4715-F89B-4176-B7ED-01C138DFDC4D}.Release|Any CPU.ActiveCfg = Release|Any CPU
		{1B9F4715-F89B-4176-B7ED-01C138DFDC4D}.Release|Any CPU.Build.0 = Release|Any CPU
		{8F6D9740-0A74-4139-8B65-E4E52318D400}.Debug|Any CPU.ActiveCfg = Debug|Any CPU
		{8F6D9740-0A74-4139-8B65-E4E52318D400}.Debug|Any CPU.Build.0 = Debug|Any CPU
		{8F6D9740-0A74-4139-8B65-E4E52318D400}.Release|Any CPU.ActiveCfg = Release|Any CPU
		{8F6D9740-0A74-4139-8B65-E4E52318D400}.Release|Any CPU.Build.0 = Release|Any CPU
		{426A5262-76DC-47F7-9DA4-BAF3A42ACC59}.Debug|Any CPU.ActiveCfg = Debug|Any CPU
		{426A5262-76DC-47F7-9DA4-BAF3A42ACC59}.Debug|Any CPU.Build.0 = Debug|Any CPU
		{426A5262-76DC-47F7-9DA4-BAF3A42ACC59}.Release|Any CPU.ActiveCfg = Release|Any CPU
		{426A5262-76DC-47F7-9DA4-BAF3A42ACC59}.Release|Any CPU.Build.0 = Release|Any CPU
		{5FB6AB07-0AE1-400B-9D0B-4262962F2DBC}.Debug|Any CPU.ActiveCfg = Debug|Any CPU
		{5FB6AB07-0AE1-400B-9D0B-4262962F2DBC}.Debug|Any CPU.Build.0 = Debug|Any CPU
		{5FB6AB07-0AE1-400B-9D0B-4262962F2DBC}.Release|Any CPU.ActiveCfg = Release|Any CPU
		{5FB6AB07-0AE1-400B-9D0B-4262962F2DBC}.Release|Any CPU.Build.0 = Release|Any CPU
	EndGlobalSection
	GlobalSection(SolutionProperties) = preSolution
		HideSolutionNode = FALSE
	EndGlobalSection
	GlobalSection(NestedProjects) = preSolution
		{878975F4-C0EE-4D75-87A8-70D399D099F0} = {BEE3F78A-8451-4F29-85C7-451EECB4A2FD}
		{FB1E030F-3F38-47B9-B7B1-8D4276D1723A} = {EA9A09D9-0D97-486E-841C-27A693B0106F}
		{DCC5DA8B-25AC-489E-870C-4393DBE2CDA0} = {C6A1FF7E-D061-4729-AB27-164452250290}
		{A51986A0-4FDB-4D98-93AB-31047E4A637C} = {C6A1FF7E-D061-4729-AB27-164452250290}
		{9EE20A59-1E00-4928-BF47-EEDE61BE7D0F} = {C6A1FF7E-D061-4729-AB27-164452250290}
		{33348B6B-8AA6-4018-BD81-42C423D5500E} = {C6A1FF7E-D061-4729-AB27-164452250290}
		{1B9F4715-F89B-4176-B7ED-01C138DFDC4D} = {C6A1FF7E-D061-4729-AB27-164452250290}
		{8F6D9740-0A74-4139-8B65-E4E52318D400} = {C6A1FF7E-D061-4729-AB27-164452250290}
		{426A5262-76DC-47F7-9DA4-BAF3A42ACC59} = {C6A1FF7E-D061-4729-AB27-164452250290}
		{5FB6AB07-0AE1-400B-9D0B-4262962F2DBC} = {C6A1FF7E-D061-4729-AB27-164452250290}
	EndGlobalSection
	GlobalSection(ExtensibilityGlobals) = postSolution
		SolutionGuid = {30886819-14E1-4F8A-9628-3E0A980CAD85}
	EndGlobalSection
EndGlobal
